
Microsoft Visual Studio Solution File, Format Version 12.00
# Visual Studio 14
VisualStudioVersion = 14.0.25420.1
MinimumVisualStudioVersion = 10.0.40219.1
Project("{FAE04EC0-301F-11D3-BF4B-00C04F79EFBC}") = "Presentation", "quanlykhachsan\Presentation.csproj", "{9F2A8ECA-4980-4AD2-B222-E965D02071B1}"
EndProject
Project("{FAE04EC0-301F-11D3-BF4B-00C04F79EFBC}") = "DTO", "DTO\DTO.csproj", "{230C9E97-76F0-4775-9A6F-041E824D0A91}"
EndProject
Project("{FAE04EC0-301F-11D3-BF4B-00C04F79EFBC}") = "BLL", "BLL\BLL.csproj", "{1A4CE945-CC13-4753-812B-91141F7B8628}"
EndProject
Project("{FAE04EC0-301F-11D3-BF4B-00C04F79EFBC}") = "DAL", "DAL\DAL.csproj", "{AF253E87-FCC0-44AC-8B24-EC5925B21838}"
EndProject
Global
	GlobalSection(SolutionConfigurationPlatforms) = preSolution
		Debug|Any CPU = Debug|Any CPU
		Release|Any CPU = Release|Any CPU
	EndGlobalSection
	GlobalSection(ProjectConfigurationPlatforms) = postSolution
		{9F2A8ECA-4980-4AD2-B222-E965D02071B1}.Debug|Any CPU.ActiveCfg = Debug|Any CPU
		{9F2A8ECA-4980-4AD2-B222-E965D02071B1}.Debug|Any CPU.Build.0 = Debug|Any CPU
		{9F2A8ECA-4980-4AD2-B222-E965D02071B1}.Release|Any CPU.ActiveCfg = Release|Any CPU
		{9F2A8ECA-4980-4AD2-B222-E965D02071B1}.Release|Any CPU.Build.0 = Release|Any CPU
		{230C9E97-76F0-4775-9A6F-041E824D0A91}.Debug|Any CPU.ActiveCfg = Debug|Any CPU
		{230C9E97-76F0-4775-9A6F-041E824D0A91}.Debug|Any CPU.Build.0 = Debug|Any CPU
		{230C9E97-76F0-4775-9A6F-041E824D0A91}.Release|Any CPU.ActiveCfg = Release|Any CPU
		{230C9E97-76F0-4775-9A6F-041E824D0A91}.Release|Any CPU.Build.0 = Release|Any CPU
		{1A4CE945-CC13-4753-812B-91141F7B8628}.Debug|Any CPU.ActiveCfg = Debug|Any CPU
		{1A4CE945-CC13-4753-812B-91141F7B8628}.Debug|Any CPU.Build.0 = Debug|Any CPU
		{1A4CE945-CC13-4753-812B-91141F7B8628}.Release|Any CPU.ActiveCfg = Release|Any CPU
		{1A4CE945-CC13-4753-812B-91141F7B8628}.Release|Any CPU.Build.0 = Release|Any CPU
		{AF253E87-FCC0-44AC-8B24-EC5925B21838}.Debug|Any CPU.ActiveCfg = Debug|Any CPU
		{AF253E87-FCC0-44AC-8B24-EC5925B21838}.Debug|Any CPU.Build.0 = Debug|Any CPU
		{AF253E87-FCC0-44AC-8B24-EC5925B21838}.Release|Any CPU.ActiveCfg = Release|Any CPU
		{AF253E87-FCC0-44AC-8B24-EC5925B21838}.Release|Any CPU.Build.0 = Release|Any CPU
	EndGlobalSection
	GlobalSection(SolutionProperties) = preSolution
		HideSolutionNode = FALSE
	EndGlobalSection
EndGlobal
